Microsoft Visual Studio Solution File, Format Version 12.00
# Visual Studio Version 16
VisualStudioVersion = 16.0.29609.76
MinimumVisualStudioVersion = 10.0.40219.1
Project("{FAE04EC0-301F-11D3-BF4B-00C04F79EFBC}") = "StockManager", "StockManager\StockManager.csproj", "{78693E87-582F-4287-B9F6-676D5C97AFD2}"
EndProject
Project("{9A19103F-16F7-4668-BE54-9A1E7A4F7556}") = "StockManager.Storage", "StockManager.Storage\StockManager.Storage.csproj", "{C3C9810D-B92C-4DBF-B68E-0272114CBAB9}"
EndProject
Project("{9A19103F-16F7-4668-BE54-9A1E7A4F7556}") = "StockManager.Services", "StockManager.Services\StockManager.Services.csproj", "{06E6DF51-756B-4D4C-BBBC-5FC389F681F3}"
EndProject
Project("{9A19103F-16F7-4668-BE54-9A1E7A4F7556}") = "StockManager.Types", "StockManager.Types\StockManager.Types.csproj", "{40D9ACBF-76A7-4F70-84CF-B82571830B53}"
EndProject
Global
	GlobalSection(SolutionConfigurationPlatforms) = preSolution
		Debug|Any CPU = Debug|Any CPU
		Release|Any CPU = Release|Any CPU
	EndGlobalSection
	GlobalSection(ProjectConfigurationPlatforms) = postSolution
		{78693E87-582F-4287-B9F6-676D5C97AFD2}.Debug|Any CPU.ActiveCfg = Debug|Any CPU
		{78693E87-582F-4287-B9F6-676D5C97AFD2}.Debug|Any CPU.Build.0 = Debug|Any CPU
		{78693E87-582F-4287-B9F6-676D5C97AFD2}.Release|Any CPU.ActiveCfg = Release|Any CPU
		{78693E87-582F-4287-B9F6-676D5C97AFD2}.Release|Any CPU.Build.0 = Release|Any CPU
		{C3C9810D-B92C-4DBF-B68E-0272114CBAB9}.Debug|Any CPU.ActiveCfg = Debug|Any CPU
		{C3C9810D-B92C-4DBF-B68E-0272114CBAB9}.Debug|Any CPU.Build.0 = Debug|Any CPU
		{C3C9810D-B92C-4DBF-B68E-0272114CBAB9}.Release|Any CPU.ActiveCfg = Release|Any CPU
		{C3C9810D-B92C-4DBF-B68E-0272114CBAB9}.Release|Any CPU.Build.0 = Release|Any CPU
		{06E6DF51-756B-4D4C-BBBC-5FC389F681F3}.Debug|Any CPU.ActiveCfg = Debug|Any CPU
		{06E6DF51-756B-4D4C-BBBC-5FC389F681F3}.Debug|Any CPU.Build.0 = Debug|Any CPU
		{06E6DF51-756B-4D4C-BBBC-5FC389F681F3}.Release|Any CPU.ActiveCfg = Release|Any CPU
		{06E6DF51-756B-4D4C-BBBC-5FC389F681F3}.Release|Any CPU.Build.0 = Release|Any CPU
		{40D9ACBF-76A7-4F70-84CF-B82571830B53}.Debug|Any CPU.ActiveCfg = Debug|Any CPU
		{40D9ACBF-76A7-4F70-84CF-B82571830B53}.Debug|Any CPU.Build.0 = Debug|Any CPU
		{40D9ACBF-76A7-4F70-84CF-B82571830B53}.Release|Any CPU.ActiveCfg = Release|Any CPU
		{40D9ACBF-76A7-4F70-84CF-B82571830B53}.Release|Any CPU.Build.0 = Release|Any CPU
	EndGlobalSection
	GlobalSection(SolutionProperties) = preSolution
		HideSolutionNode = FALSE
	EndGlobalSection
	GlobalSection(ExtensibilityGlobals) = postSolution
		SolutionGuid = {1440C63B-16BF-4379-94BC-350BE69FE1E4}
	EndGlobalSection
EndGlobal
